// !$*UTF8*$!
{
	archiveVersion = 1;
	classes = {
	};
	objectVersion = 46;
	objects = {

/* Begin PBXBuildFile section */
		DD9921782090A23D002EC93D /* AppDelegate.swift in Sources */ = {isa = PBXBuildFile; fileRef = DD9921772090A23D002EC93D /* AppDelegate.swift */; };
		DD99217A2090A23D002EC93D /* ViewController.swift in Sources */ = {isa = PBXBuildFile; fileRef = DD9921792090A23D002EC93D /* ViewController.swift */; };
		DD99217D2090A23D002EC93D /* Main.storyboard in Resources */ = {isa = PBXBuildFile; fileRef = DD99217B2090A23D002EC93D /* Main.storyboard */; };
		DD99217F2090A23D002EC93D /* Assets.xcassets in Resources */ = {isa = PBXBuildFile; fileRef = DD99217E2090A23D002EC93D /* Assets.xcassets */; };
		DD9921822090A23D002EC93D /* LaunchScreen.storyboard in Resources */ = {isa = PBXBuildFile; fileRef = DD9921802090A23D002EC93D /* LaunchScreen.storyboard */; };
		DD99218D2090A23D002EC93D /* StringManipulationTests.swift in Sources */ = {isa = PBXBuildFile; fileRef = DD99218C2090A23D002EC93D /* StringManipulationTests.swift */; };
/* End PBXBuildFile section */

/* Begin PBXContainerItemProxy section */
		DD9921892090A23D002EC93D /* PBXContainerItemProxy */ = {
			isa = PBXContainerItemProxy;
			containerPortal = DD99216C2090A23C002EC93D /* Project object */;
			proxyType = 1;
			remoteGlobalIDString = DD9921732090A23D002EC93D;
			remoteInfo = StringManipulation;
		};
/* End PBXContainerItemProxy section */

/* Begin PBXFileReference section */
		DD9921742090A23D002EC93D /* StringManipulation.app */ = {isa = PBXFileReference; explicitFileType = wrapper.application; includeInIndex = 0; path = StringManipulation.app; sourceTree = BUILT_PRODUCTS_DIR; };
		DD9921772090A23D002EC93D /* AppDelegate.swift */ = {isa = PBXFileReference; lastKnownFileType = sourcecode.swift; path = AppDelegate.swift; sourceTree = "<group>"; };
		DD9921792090A23D002EC93D /* ViewController.swift */ = {isa = PBXFileReference; lastKnownFileType = sourcecode.swift; path = ViewController.swift; sourceTree = "<group>"; };
		DD99217C2090A23D002EC93D /* Base */ = {isa = PBXFileReference; lastKnownFileType = file.storyboard; name = Base; path = Base.lproj/Main.storyboard; sourceTree = "<group>"; };
		DD99217E2090A23D002EC93D /* Assets.xcassets */ = {isa = PBXFileReference; lastKnownFileType = folder.assetcatalog; path = Assets.xcassets; sourceTree = "<group>"; };
		DD9921812090A23D002EC93D /* Base */ = {isa = PBXFileReference; lastKnownFileType = file.storyboard; name = Base; path = Base.lproj/LaunchScreen.storyboard; sourceTree = "<group>"; };
		DD9921832090A23D002EC93D /* Info.plist */ = {isa = PBXFileReference; lastKnownFileType = text.plist.xml; path = Info.plist; sourceTree = "<group>"; };
		DD9921882090A23D002EC93D /* StringManipulationTests.xctest */ = {isa = PBXFileReference; explicitFileType = wrapper.cfbundle; includeInIndex = 0; path = StringManipulationTests.xctest; sourceTree = BUILT_PRODUCTS_DIR; };
		DD99218C2090A23D002EC93D /* StringManipulationTests.swift */ = {isa = PBXFileReference; lastKnownFileType = sourcecode.swift; path = StringManipulationTests.swift; sourceTree = "<group>"; };
		DD99218E2090A23D002EC93D /* Info.plist */ = {isa = PBXFileReference; lastKnownFileType = text.plist.xml; path = Info.plist; sourceTree = "<group>"; };
/* End PBXFileReference section */

/* Begin PBXFrameworksBuildPhase section */
		DD9921712090A23D002EC93D /* Frameworks */ = {
			isa = PBXFrameworksBuildPhase;
			buildActionMask = 2147483647;
			files = (
			);
			runOnlyForDeploymentPostprocessing = 0;
		};
		DD9921852090A23D002EC93D /* Frameworks */ = {
			isa = PBXFrameworksBuildPhase;
			buildActionMask = 2147483647;
			files = (
			);
			runOnlyForDeploymentPostprocessing = 0;
		};
/* End PBXFrameworksBuildPhase section */

/* Begin PBXGroup section */
		DD99216B2090A23C002EC93D = {
			isa = PBXGroup;
			children = (
				DD9921762090A23D002EC93D /* StringManipulation */,
				DD99218B2090A23D002EC93D /* StringManipulationTests */,
				DD9921752090A23D002EC93D /* Products */,
			);
			sourceTree = "<group>";
		};
		DD9921752090A23D002EC93D /* Products */ = {
			isa = PBXGroup;
			children = (
				DD9921742090A23D002EC93D /* StringManipulation.app */,
				DD9921882090A23D002EC93D /* StringManipulationTests.xctest */,
			);
			name = Products;
			sourceTree = "<group>";
		};
		DD9921762090A23D002EC93D /* StringManipulation */ = {
			isa = PBXGroup;
			children = (
				DD9921772090A23D002EC93D /* AppDelegate.swift */,
				DD9921792090A23D002EC93D /* ViewController.swift */,
				DD99217B2090A23D002EC93D /* Main.storyboard */,
				DD99217E2090A23D002EC93D /* Assets.xcassets */,
				DD9921802090A23D002EC93D /* LaunchScreen.storyboard */,
				DD9921832090A23D002EC93D /* Info.plist */,
			);
			path = StringManipulation;
			sourceTree = "<group>";
		};
		DD99218B2090A23D002EC93D /* StringManipulationTests */ = {
			isa = PBXGroup;
			children = (
				DD99218C2090A23D002EC93D /* StringManipulationTests.swift */,
				DD99218E2090A23D002EC93D /* Info.plist */,
			);
			path = StringManipulationTests;
			sourceTree = "<group>";
		};
/* End PBXGroup section */

/* Begin PBXNativeTarget section */
		DD9921732090A23D002EC93D /* StringManipulation */ = {
			isa = PBXNativeTarget;
			buildConfigurationList = DD9921912090A23D002EC93D /* Build configuration list for PBXNativeTarget "StringManipulation" */;
			buildPhases = (
				DD9921702090A23D002EC93D /* Sources */,
				DD9921712090A23D002EC93D /* Frameworks */,
				DD9921722090A23D002EC93D /* Resources */,
			);
			buildRules = (
			);
			dependencies = (
			);
			name = StringManipulation;
			productName = StringManipulation;
			productReference = DD9921742090A23D002EC93D /* StringManipulation.app */;
			productType = "com.apple.product-type.application";
		};
		DD9921872090A23D002EC93D /* StringManipulationTests */ = {
			isa = PBXNativeTarget;
			buildConfigurationList = DD9921942090A23D002EC93D /* Build configuration list for PBXNativeTarget "StringManipulationTests" */;
			buildPhases = (
				DD9921842090A23D002EC93D /* Sources */,
				DD9921852090A23D002EC93D /* Frameworks */,
				DD9921862090A23D002EC93D /* Resources */,
			);
			buildRules = (
			);
			dependencies = (
				DD99218A2090A23D002EC93D /* PBXTargetDependency */,
			);
			name = StringManipulationTests;
			productName = StringManipulationTests;
			productReference = DD9921882090A23D002EC93D /* StringManipulationTests.xctest */;
			productType = "com.apple.product-type.bundle.unit-test";
		};
/* End PBXNativeTarget section */

/* Begin PBXProject section */
		DD99216C2090A23C002EC93D /* Project object */ = {
			isa = PBXProject;
			attributes = {
				LastSwiftUpdateCheck = 0830;
				LastUpgradeCheck = 0830;
				ORGANIZATIONNAME = self;
				TargetAttributes = {
					DD9921732090A23D002EC93D = {
						CreatedOnToolsVersion = 8.3.3;
						ProvisioningStyle = Automatic;
					};
					DD9921872090A23D002EC93D = {
						CreatedOnToolsVersion = 8.3.3;
						ProvisioningStyle = Automatic;
						TestTargetID = DD9921732090A23D002EC93D;
					};
				};
			};
			buildConfigurationList = DD99216F2090A23C002EC93D /* Build configuration list for PBXProject "StringManipulation" */;
			compatibilityVersion = "Xcode 3.2";
			developmentRegion = English;
			hasScannedForEncodings = 0;
			knownRegions = (
				en,
				Base,
			);
			mainGroup = DD99216B2090A23C002EC93D;
			productRefGroup = DD9921752090A23D002EC93D /* Products */;
			projectDirPath = "";
			projectRoot = "";
			targets = (
				DD9921732090A23D002EC93D /* StringManipulation */,
				DD9921872090A23D002EC93D /* StringManipulationTests */,
			);
		};
/* End PBXProject section */

/* Begin PBXResourcesBuildPhase section */
		DD9921722090A23D002EC93D /* Resources */ = {
			isa = PBXResourcesBuildPhase;
			buildActionMask = 2147483647;
			files = (
				DD9921822090A23D002EC93D /* LaunchScreen.storyboard in Resources */,
				DD99217F2090A23D002EC93D /* Assets.xcassets in Resources */,
				DD99217D2090A23D002EC93D /* Main.storyboard in Resources */,
			);
			runOnlyForDeploymentPostprocessing = 0;
		};
		DD9921862090A23D002EC93D /* Resources */ = {
			isa = PBXResourcesBuildPhase;
			buildActionMask = 2147483647;
			files = (
			);
			runOnlyForDeploymentPostprocessing = 0;
		};
/* End PBXResourcesBuildPhase section */

/* Begin PBXSourcesBuildPhase section */
		DD9921702090A23D002EC93D /* Sources */ = {
			isa = PBXSourcesBuildPhase;
			buildActionMask = 2147483647;
			files = (
				DD99217A2090A23D002EC93D /* ViewController.swift in Sources */,
				DD9921782090A23D002EC93D /* AppDelegate.swift in Sources */,
			);
			runOnlyForDeploymentPostprocessing = 0;
		};
		DD9921842090A23D002EC93D /* Sources */ = {
			isa = PBXSourcesBuildPhase;
			buildActionMask = 2147483647;
			files = (
				DD99218D2090A23D002EC93D /* StringManipulationTests.swift in Sources */,
			);
			runOnlyForDeploymentPostprocessing = 0;
		};
/* End PBXSourcesBuildPhase section */

/* Begin PBXTargetDependency section */
		DD99218A2090A23D002EC93D /* PBXTargetDependency */ = {
			isa = PBXTargetDependency;
			target = DD9921732090A23D002EC93D /* StringManipulation */;
			targetProxy = DD9921892090A23D002EC93D /* PBXContainerItemProxy */;
		};
/* End PBXTargetDependency section */

/* Begin PBXVariantGroup section */
		DD99217B2090A23D002EC93D /* Main.storyboard */ = {
			isa = PBXVariantGroup;
			children = (
				DD99217C2090A23D002EC93D /* Base */,
			);
			name = Main.storyboard;
			sourceTree = "<group>";
		};
		DD9921802090A23D002EC93D /* LaunchScreen.storyboard */ = {
			isa = PBXVariantGroup;
			children = (
				DD9921812090A23D002EC93D /* Base */,
			);
			name = LaunchScreen.storyboard;
			sourceTree = "<group>";
		};
/* End PBXVariantGroup section */

/* Begin XCBuildConfiguration section */
		DD99218F2090A23D002EC93D /* Debug */ = {
			isa = XCBuildConfiguration;
			buildSettings = {
				ALWAYS_SEARCH_USER_PATHS = NO;
				CLANG_ANALYZER_NONNULL = YES;
				CLANG_ANALYZER_NUMBER_OBJECT_CONVERSION = YES_AGGRESSIVE;
				CLANG_CXX_LANGUAGE_STANDARD = "gnu++0x";
				CLANG_CXX_LIBRARY = "libc++";
				CLANG_ENABLE_MODULES = YES;
				CLANG_ENABLE_OBJC_ARC = YES;
				CLANG_WARN_BOOL_CONVERSION = YES;
				CLANG_WARN_CONSTANT_CONVERSION = YES;
				CLANG_WARN_DIRECT_OBJC_ISA_USAGE = YES_ERROR;
				CLANG_WARN_DOCUMENTATION_COMMENTS = YES;
				CLANG_WARN_EMPTY_BODY = YES;
				CLANG_WARN_ENUM_CONVERSION = YES;
				CLANG_WARN_INFINITE_RECURSION = YES;
				CLANG_WARN_INT_CONVERSION = YES;
				CLANG_WARN_OBJC_ROOT_CLASS = YES_ERROR;
				CLANG_WARN_SUSPICIOUS_MOVE = YES;
				CLANG_WARN_UNREACHABLE_CODE = YES;
				CLANG_WARN__DUPLICATE_METHOD_MATCH = YES;
				"CODE_SIGN_IDENTITY[sdk=iphoneos*]" = "iPhone Developer";
				COPY_PHASE_STRIP = NO;
				DEBUG_INFORMATION_FORMAT = dwarf;
				ENABLE_STRICT_OBJC_MSGSEND = YES;
				ENABLE_TESTABILITY = YES;
				GCC_C_LANGUAGE_STANDARD = gnu99;
				GCC_DYNAMIC_NO_PIC = NO;
				GCC_NO_COMMON_BLOCKS = YES;
				GCC_OPTIMIZATION_LEVEL = 0;
				GCC_PREPROCESSOR_DEFINITIONS = (
					"DEBUG=1",
					"$(inherited)",
				);
				GCC_WARN_64_TO_32_BIT_CONVERSION = YES;
				GCC_WARN_ABOUT_RETURN_TYPE = YES_ERROR;
				GCC_WARN_UNDECLARED_SELECTOR = YES;
				GCC_WARN_UNINITIALIZED_AUTOS = YES_AGGRESSIVE;
				GCC_WARN_UNUSED_FUNCTION = YES;
				GCC_WARN_UNUSED_VARIABLE = YES;
				IPHONEOS_DEPLOYMENT_TARGET = 10.3;
				MTL_ENABLE_DEBUG_INFO = YES;
				ONLY_ACTIVE_ARCH = YES;
				SDKROOT = iphoneos;
				SWIFT_ACTIVE_COMPILATION_CONDITIONS = DEBUG;
				SWIFT_OPTIMIZATION_LEVEL = "-Onone";
				TARGETED_DEVICE_FAMILY = "1,2";
			};
			name = Debug;
		};
		DD9921902090A23D002EC93D /* Release */ = {
			isa = XCBuildConfiguration;
			buildSettings = {
				ALWAYS_SEARCH_USER_PATHS = NO;
				CLANG_ANALYZER_NONNULL = YES;
				CLANG_ANALYZER_NUMBER_OBJECT_CONVERSION = YES_AGGRESSIVE;
				CLANG_CXX_LANGUAGE_STANDARD = "gnu++0x";
				CLANG_CXX_LIBRARY = "libc++";
				CLANG_ENABLE_MODULES = YES;
				CLANG_ENABLE_OBJC_ARC = YES;
				CLANG_WARN_BOOL_CONVERSION = YES;
				CLANG_WARN_CONSTANT_CONVERSION = YES;
				CLANG_WARN_DIRECT_OBJC_ISA_USAGE = YES_ERROR;
				CLANG_WARN_DOCUMENTATION_COMMENTS = YES;
				CLANG_WARN_EMPTY_BODY = YES;
				CLANG_WARN_ENUM_CONVERSION = YES;
				CLANG_WARN_INFINITE_RECURSION = YES;
				CLANG_WARN_INT_CONVERSION = YES;
				CLANG_WARN_OBJC_ROOT_CLASS = YES_ERROR;
				CLANG_WARN_SUSPICIOUS_MOVE = YES;
				CLANG_WARN_UNREACHABLE_CODE = YES;
				CLANG_WARN__DUPLICATE_METHOD_MATCH = YES;
				"CODE_SIGN_IDENTITY[sdk=iphoneos*]" = "iPhone Developer";
				COPY_PHASE_STRIP = NO;
				DEBUG_INFORMATION_FORMAT = "dwarf-with-dsym";
				ENABLE_NS_ASSERTIONS = NO;
				ENABLE_STRICT_OBJC_MSGSEND = YES;
				GCC_C_LANGUAGE_STANDARD = gnu99;
				GCC_NO_COMMON_BLOCKS = YES;
				GCC_WARN_64_TO_32_BIT_CONVERSION = YES;
				GCC_WARN_ABOUT_RETURN_TYPE = YES_ERROR;
				GCC_WARN_UNDECLARED_SELECTOR = YES;
				GCC_WARN_UNINITIALIZED_AUTOS = YES_AGGRESSIVE;
				GCC_WARN_UNUSED_FUNCTION = YES;
				GCC_WARN_UNUSED_VARIABLE = YES;
				IPHONEOS_DEPLOYMENT_TARGET = 10.3;
				MTL_ENABLE_DEBUG_INFO = NO;
				SDKROOT = iphoneos;
				SWIFT_OPTIMIZATION_LEVEL = "-Owholemodule";
				TARGETED_DEVICE_FAMILY = "1,2";
				VALIDATE_PRODUCT = YES;
			};
			name = Release;
		};
		DD9921922090A23D002EC93D /* Debug */ = {
			isa = XCBuildConfiguration;
			buildSettings = {
				ASSETCATALOG_COMPILER_APPICON_NAME = AppIcon;
				INFOPLIST_FILE = StringManipulation/Info.plist;
				LD_RUNPATH_SEARCH_PATHS = "$(inherited) @executable_path/Frameworks";
				PRODUCT_BUNDLE_IDENTIFIER = com.self.StringManipulation;
				PRODUCT_NAME = "$(TARGET_NAME)";
				SWIFT_VERSION = 3.0;
			};
			name = Debug;
		};
		DD9921932090A23D002EC93D /* Release */ = {
			isa = XCBuildConfiguration;
			buildSettings = {
				ASSETCATALOG_COMPILER_APPICON_NAME = AppIcon;
				INFOPLIST_FILE = StringManipulation/Info.plist;
				LD_RUNPATH_SEARCH_PATHS = "$(inherited) @executable_path/Frameworks";
				PRODUCT_BUNDLE_IDENTIFIER = com.self.StringManipulation;
				PRODUCT_NAME = "$(TARGET_NAME)";
				SWIFT_VERSION = 3.0;
			};
			name = Release;
		};
		DD9921952090A23D002EC93D /* Debug */ = {
			isa = XCBuildConfiguration;
			buildSettings = {
				ALWAYS_EMBED_SWIFT_STANDARD_LIBRARIES = YES;
				BUNDLE_LOADER = "$(TEST_HOST)";
				INFOPLIST_FILE = StringManipulationTests/Info.plist;
				LD_RUNPATH_SEARCH_PATHS = "$(inherited) @executable_path/Frameworks @loader_path/Frameworks";
				PRODUCT_BUNDLE_IDENTIFIER = com.self.StringManipulationTests;
				PRODUCT_NAME = "$(TARGET_NAME)";
				SWIFT_VERSION = 3.0;
				TEST_HOST = "$(BUILT_PRODUCTS_DIR)/StringManipulation.app/StringManipulation";
			};
			name = Debug;
		};
		DD9921962090A23D002EC93D /* Release */ = {
			isa = XCBuildConfiguration;
			buildSettings = {
				ALWAYS_EMBED_SWIFT_STANDARD_LIBRARIES = YES;
				BUNDLE_LOADER = "$(TEST_HOST)";
				INFOPLIST_FILE = StringManipulationTests/Info.plist;
				LD_RUNPATH_SEARCH_PATHS = "$(inherited) @executable_path/Frameworks @loader_path/Frameworks";
				PRODUCT_BUNDLE_IDENTIFIER = com.self.StringManipulationTests;
				PRODUCT_NAME = "$(TARGET_NAME)";
				SWIFT_VERSION = 3.0;
				TEST_HOST = "$(BUILT_PRODUCTS_DIR)/StringManipulation.app/StringManipulation";
			};
			name = Release;
		};
/* End XCBuildConfiguration section */

/* Begin XCConfigurationList section */
		DD99216F2090A23C002EC93D /* Build configuration list for PBXProject "StringManipulation" */ = {
			isa = XCConfigurationList;
			buildConfigurations = (
				DD99218F2090A23D002EC93D /* Debug */,
				DD9921902090A23D002EC93D /* Release */,
			);
			defaultConfigurationIsVisible = 0;
			defaultConfigurationName = Release;
		};
		DD9921912090A23D002EC93D /* Build configuration list for PBXNativeTarget "StringManipulation" */ = {
			isa = XCConfigurationList;
			buildConfigurations = (
				DD9921922090A23D002EC93D /* Debug */,
				DD9921932090A23D002EC93D /* Release */,
			);
			defaultConfigurationIsVisible = 0;
		};
		DD9921942090A23D002EC93D /* Build configuration list for PBXNativeTarget "StringManipulationTests" */ = {
			isa = XCConfigurationList;
			buildConfigurations = (
				DD9921952090A23D002EC93D /* Debug */,
				DD9921962090A23D002EC93D /* Release */,
			);
			defaultConfigurationIsVisible = 0;
		};
/* End XCConfigurationList section */
	};
	rootObject = DD99216C2090A23C002EC93D /* Project object */;
}
